
Microsoft Visual Studio Solution File, Format Version 12.00
Project("{FAE04EC0-301F-11D3-BF4B-00C04F79EFBC}") = "MyHttp", "MyHttp\MyHttp.csproj", "{BB7074B4-E3B0-457F-A8DE-AD14949A8903}"
EndProject
Global
	GlobalSection(SolutionConfigurationPlatforms) = preSolution
		Debug|Any CPU = Debug|Any CPU
		Release|Any CPU = Release|Any CPU
	EndGlobalSection
	GlobalSection(ProjectConfigurationPlatforms) = postSolution
		{BB7074B4-E3B0-457F-A8DE-AD14949A8903}.Debug|Any CPU.ActiveCfg = Debug|Any CPU
		{BB7074B4-E3B0-457F-A8DE-AD14949A8903}.Debug|Any CPU.Build.0 = Debug|Any CPU
		{BB7074B4-E3B0-457F-A8DE-AD14949A8903}.Release|Any CPU.ActiveCfg = Release|Any CPU
		{BB7074B4-E3B0-457F-A8DE-AD14949A8903}.Release|Any CPU.Build.0 = Release|Any CPU
	EndGlobalSection
EndGlobal
