
Microsoft Visual Studio Solution File, Format Version 12.00
# Visual Studio Version 17
VisualStudioVersion = 17.7.34018.315
MinimumVisualStudioVersion = 10.0.40219.1
Project("{9A19103F-16F7-4668-BE54-9A1E7A4F7556}") = "MyHtml", "MyHttp\MyHtml.csproj", "{BB7074B4-E3B0-457F-A8DE-AD14949A8903}"
EndProject
Global
	GlobalSection(SolutionConfigurationPlatforms) = preSolution
		Debug|Any CPU = Debug|Any CPU
		Release|Any CPU = Release|Any CPU
	EndGlobalSection
	GlobalSection(ProjectConfigurationPlatforms) = postSolution
		{BB7074B4-E3B0-457F-A8DE-AD14949A8903}.Debug|Any CPU.ActiveCfg = Debug|Any CPU
		{BB7074B4-E3B0-457F-A8DE-AD14949A8903}.Debug|Any CPU.Build.0 = Debug|Any CPU
		{BB7074B4-E3B0-457F-A8DE-AD14949A8903}.Release|Any CPU.ActiveCfg = Release|Any CPU
		{BB7074B4-E3B0-457F-A8DE-AD14949A8903}.Release|Any CPU.Build.0 = Release|Any CPU
	EndGlobalSection
	GlobalSection(SolutionProperties) = preSolution
		HideSolutionNode = FALSE
	EndGlobalSection
	GlobalSection(ExtensibilityGlobals) = postSolution
		SolutionGuid = {4A3580B6-9D01-4A7F-8B38-6BFF92DA1443}
	EndGlobalSection
EndGlobal
